
Microsoft Visual Studio Solution File, Format Version 12.00
# Visual Studio 15
VisualStudioVersion = 15.0.27004.2009
MinimumVisualStudioVersion = 10.0.40219.1
Project("{9A19103F-16F7-4668-BE54-9A1E7A4F7556}") = "Aubio", "Aubio\Aubio.csproj", "{65AB34DD-ADBB-408F-ACFE-89BFF2259822}"
EndProject
Project("{9A19103F-16F7-4668-BE54-9A1E7A4F7556}") = "Aubio.NET", "Aubio.NET\Aubio.NET.csproj", "{B9FE30C4-A8E2-4DF9-84AE-4CF438956E5A}"
EndProject
Project("{FAE04EC0-301F-11D3-BF4B-00C04F79EFBC}") = "Aubio.NET.TestTempo", "Aubio.NET.TestTempo\Aubio.NET.TestTempo.csproj", "{4A222C5F-FFDC-4D8F-8B8C-1445A3765305}"
EndProject
Project("{FAE04EC0-301F-11D3-BF4B-00C04F79EFBC}") = "Aubio.NET.TestNotes", "Aubio.NET.TestNotes\Aubio.NET.TestNotes.csproj", "{6E356B4C-E41A-4215-8543-4AC55FE2CA5A}"
EndProject
Project("{FAE04EC0-301F-11D3-BF4B-00C04F79EFBC}") = "Aubio.NET.TestPitch", "Aubio.NET.TestPitch\Aubio.NET.TestPitch.csproj", "{21718B8B-C50C-4178-A375-779219AF14AF}"
EndProject
Project("{FAE04EC0-301F-11D3-BF4B-00C04F79EFBC}") = "Aubio.NET.TestVectors", "Aubio.NET.TestVectors\Aubio.NET.TestVectors.csproj", "{47420741-C0BF-4869-B6B7-32FBD5AD52B9}"
EndProject
Global
	GlobalSection(SolutionConfigurationPlatforms) = preSolution
		Debug|Any CPU = Debug|Any CPU
		Release|Any CPU = Release|Any CPU
	EndGlobalSection
	GlobalSection(ProjectConfigurationPlatforms) = postSolution
		{65AB34DD-ADBB-408F-ACFE-89BFF2259822}.Debug|Any CPU.ActiveCfg = Debug|Any CPU
		{65AB34DD-ADBB-408F-ACFE-89BFF2259822}.Debug|Any CPU.Build.0 = Debug|Any CPU
		{65AB34DD-ADBB-408F-ACFE-89BFF2259822}.Release|Any CPU.ActiveCfg = Release|Any CPU
		{65AB34DD-ADBB-408F-ACFE-89BFF2259822}.Release|Any CPU.Build.0 = Release|Any CPU
		{B9FE30C4-A8E2-4DF9-84AE-4CF438956E5A}.Debug|Any CPU.ActiveCfg = Debug|Any CPU
		{B9FE30C4-A8E2-4DF9-84AE-4CF438956E5A}.Debug|Any CPU.Build.0 = Debug|Any CPU
		{B9FE30C4-A8E2-4DF9-84AE-4CF438956E5A}.Release|Any CPU.ActiveCfg = Release|Any CPU
		{B9FE30C4-A8E2-4DF9-84AE-4CF438956E5A}.Release|Any CPU.Build.0 = Release|Any CPU
		{4A222C5F-FFDC-4D8F-8B8C-1445A3765305}.Debug|Any CPU.ActiveCfg = Debug|Any CPU
		{4A222C5F-FFDC-4D8F-8B8C-1445A3765305}.Debug|Any CPU.Build.0 = Debug|Any CPU
		{4A222C5F-FFDC-4D8F-8B8C-1445A3765305}.Release|Any CPU.ActiveCfg = Release|Any CPU
		{4A222C5F-FFDC-4D8F-8B8C-1445A3765305}.Release|Any CPU.Build.0 = Release|Any CPU
		{6E356B4C-E41A-4215-8543-4AC55FE2CA5A}.Debug|Any CPU.ActiveCfg = Debug|Any CPU
		{6E356B4C-E41A-4215-8543-4AC55FE2CA5A}.Debug|Any CPU.Build.0 = Debug|Any CPU
		{6E356B4C-E41A-4215-8543-4AC55FE2CA5A}.Release|Any CPU.ActiveCfg = Release|Any CPU
		{6E356B4C-E41A-4215-8543-4AC55FE2CA5A}.Release|Any CPU.Build.0 = Release|Any CPU
		{21718B8B-C50C-4178-A375-779219AF14AF}.Debug|Any CPU.ActiveCfg = Debug|Any CPU
		{21718B8B-C50C-4178-A375-779219AF14AF}.Debug|Any CPU.Build.0 = Debug|Any CPU
		{21718B8B-C50C-4178-A375-779219AF14AF}.Release|Any CPU.ActiveCfg = Release|Any CPU
		{21718B8B-C50C-4178-A375-779219AF14AF}.Release|Any CPU.Build.0 = Release|Any CPU
		{47420741-C0BF-4869-B6B7-32FBD5AD52B9}.Debug|Any CPU.ActiveCfg = Debug|Any CPU
		{47420741-C0BF-4869-B6B7-32FBD5AD52B9}.Debug|Any CPU.Build.0 = Debug|Any CPU
		{47420741-C0BF-4869-B6B7-32FBD5AD52B9}.Release|Any CPU.ActiveCfg = Release|Any CPU
		{47420741-C0BF-4869-B6B7-32FBD5AD52B9}.Release|Any CPU.Build.0 = Release|Any CPU
	EndGlobalSection
	GlobalSection(SolutionProperties) = preSolution
		HideSolutionNode = FALSE
	EndGlobalSection
	GlobalSection(ExtensibilityGlobals) = postSolution
		SolutionGuid = {8E35D229-C77C-422D-A958-BF8A093E69F2}
	EndGlobalSection
EndGlobal
